
Microsoft Visual Studio Solution File, Format Version 12.00
# Visual Studio Version 17
VisualStudioVersion = 17.2.32602.215
MinimumVisualStudioVersion = 10.0.40219.1
Project("{FAE04EC0-301F-11D3-BF4B-00C04F79EFBC}") = "MSAPI", "MSAPI\MSAPI.csproj", "{AFF03F42-439F-49F2-85DA-F834C2ABEA11}"
EndProject
Global
	GlobalSection(SolutionConfigurationPlatforms) = preSolution
		Debug|Any CPU = Debug|Any CPU
		Release|Any CPU = Release|Any CPU
	EndGlobalSection
	GlobalSection(ProjectConfigurationPlatforms) = postSolution
		{AFF03F42-439F-49F2-85DA-F834C2ABEA11}.Debug|Any CPU.ActiveCfg = Debug|Any CPU
		{AFF03F42-439F-49F2-85DA-F834C2ABEA11}.Debug|Any CPU.Build.0 = Debug|Any CPU
		{AFF03F42-439F-49F2-85DA-F834C2ABEA11}.Release|Any CPU.ActiveCfg = Release|Any CPU
		{AFF03F42-439F-49F2-85DA-F834C2ABEA11}.Release|Any CPU.Build.0 = Release|Any CPU
	EndGlobalSection
	GlobalSection(SolutionProperties) = preSolution
		HideSolutionNode = FALSE
	EndGlobalSection
	GlobalSection(ExtensibilityGlobals) = postSolution
		SolutionGuid = {CA0606DE-5642-4088-8F28-95DD1B11441A}
	EndGlobalSection
EndGlobal
